
Microsoft Visual Studio Solution File, Format Version 12.00
# Visual Studio Version 17
VisualStudioVersion = 17.1.32421.90
MinimumVisualStudioVersion = 10.0.40219.1
Project("{FAE04EC0-301F-11D3-BF4B-00C04F79EFBC}") = "Exercise", "Exercise\Exercise.csproj", "{04A6BA33-E4FA-4572-A445-3C34E8B74EFE}"
EndProject
Global
	GlobalSection(SolutionConfigurationPlatforms) = preSolution
		Debug|Any CPU = Debug|Any CPU
		Release|Any CPU = Release|Any CPU
	EndGlobalSection
	GlobalSection(ProjectConfigurationPlatforms) = postSolution
		{04A6BA33-E4FA-4572-A445-3C34E8B74EFE}.Debug|Any CPU.ActiveCfg = Debug|Any CPU
		{04A6BA33-E4FA-4572-A445-3C34E8B74EFE}.Debug|Any CPU.Build.0 = Debug|Any CPU
		{04A6BA33-E4FA-4572-A445-3C34E8B74EFE}.Release|Any CPU.ActiveCfg = Release|Any CPU
		{04A6BA33-E4FA-4572-A445-3C34E8B74EFE}.Release|Any CPU.Build.0 = Release|Any CPU
	EndGlobalSection
	GlobalSection(SolutionProperties) = preSolution
		HideSolutionNode = FALSE
	EndGlobalSection
	GlobalSection(ExtensibilityGlobals) = postSolution
		SolutionGuid = {B5B6E0AF-D6D7-4180-8626-0CFF4ADBAC5F}
	EndGlobalSection
EndGlobal
