
Microsoft Visual Studio Solution File, Format Version 12.00
# Visual Studio Version 17
VisualStudioVersion = 17.1.32210.238
MinimumVisualStudioVersion = 10.0.40219.1
Project("{FAE04EC0-301F-11D3-BF4B-00C04F79EFBC}") = "SB-Homework05", "SB-Homework05\SB-Homework05.csproj", "{CAEF7019-75AD-4AF4-A0D0-D3F137A3AE3A}"
EndProject
Global
	GlobalSection(SolutionConfigurationPlatforms) = preSolution
		Debug|Any CPU = Debug|Any CPU
		Release|Any CPU = Release|Any CPU
	EndGlobalSection
	GlobalSection(ProjectConfigurationPlatforms) = postSolution
		{CAEF7019-75AD-4AF4-A0D0-D3F137A3AE3A}.Debug|Any CPU.ActiveCfg = Debug|Any CPU
		{CAEF7019-75AD-4AF4-A0D0-D3F137A3AE3A}.Debug|Any CPU.Build.0 = Debug|Any CPU
		{CAEF7019-75AD-4AF4-A0D0-D3F137A3AE3A}.Release|Any CPU.ActiveCfg = Release|Any CPU
		{CAEF7019-75AD-4AF4-A0D0-D3F137A3AE3A}.Release|Any CPU.Build.0 = Release|Any CPU
	EndGlobalSection
	GlobalSection(SolutionProperties) = preSolution
		HideSolutionNode = FALSE
	EndGlobalSection
	GlobalSection(ExtensibilityGlobals) = postSolution
		SolutionGuid = {2FC71F97-C329-4F9E-BCC3-FE3FA83668BD}
	EndGlobalSection
EndGlobal
